{
  "name": "spectrack-md-to-adf",
  "lockfileVersion": 3,
  "requires": true,
  "packages": {
    "": {
      "name": "spectrack-md-to-adf",
      "license": "MIT",
      "dependencies": {
        "@atlaskit/adf-schema": "57.6.10",
        "@atlaskit/editor-json-transformer": "10.0.0",
        "@atlaskit/editor-markdown-transformer": "6.3.1"
      }
    },
    "node_modules/@atlaskit/adf-schema": {
      "version": "57.6.10",
      "resolved": "https://registry.npmjs.org/@atlaskit/adf-schema/-/adf-schema-57.6.10.tgz",
      "integrity": "sha512-P18CBddqlFWGsYWrxG1tZWq9nhk7J1bS4oJhKXUhV7lBKa7ZboJHMwgqnvwMPPaDv+4lcSAecIktHw2fA94v/Q==",
      "license": "Apache-2.0",
      "dependencies": {
        "@atlaskit/adf-schema-generator": "^4.0.0",
        "@atlaskit/editor-prosemirror": "^9.0.0",
        "@atlaskit/platform-feature-flags": "^2.2.0",
        "@atlaskit/tmp-editor-statsig": "^211.0.0",
        "@babel/runtime": "^7.0.0",
        "css-color-names": "0.0.4",
        "linkify-it": "^5.0.2",
        "memoize-one": "^6.0.0"
      }
    },
    "node_modules/@atlaskit/adf-schema-generator": {
      "version": "4.0.4",
      "resolved": "https://registry.npmjs.org/@atlaskit/adf-schema-generator/-/adf-schema-generator-4.0.4.tgz",
      "integrity": "sha512-uFVUN81FHtcRl6zZUf7FhaFhSsAvPpeHo4nQlCXznJEqtTN/KAYJ+9nH1eMSUDoy///LyQBct1lrw/Iyvu/SnA==",
      "license": "Apache-2.0",
      "dependencies": {
        "@atlaskit/editor-prosemirror": "^9.0.0",
        "@babel/runtime": "^7.0.0",
        "lodash": "^4.17.21"
      }
    },
    "node_modules/@atlaskit/adf-utils": {
      "version": "20.9.44",
      "resolved": "https://registry.npmjs.org/@atlaskit/adf-utils/-/adf-utils-20.9.44.tgz",
      "integrity": "sha512-DsVab+TORHX26wbSv9YPxEGYXVB+kUsx9pMkNRAk02NRBJrsvZu6VyLljvL/R+msGI1ApOMaIER7KIa4dN7XaA==",
      "license": "Apache-2.0",
      "dependencies": {
        "@atlaskit/adf-schema": "^57.6.0",
        "@atlaskit/editor-prosemirror": "^9.0.0",
        "@atlaskit/platform-feature-experiments": "^0.3.0",
        "@atlaskit/platform-feature-flags": "^2.2.0",
        "@atlaskit/tmp-editor-statsig": "^211.0.0",
        "@babel/runtime": "^7.0.0"
      }
    },
    "node_modules/@atlaskit/atlassian-context": {
      "version": "2.0.0",
      "resolved": "https://registry.npmjs.org/@atlaskit/atlassian-context/-/atlassian-context-2.0.0.tgz",
      "integrity": "sha512-RfdonD91GCqMo6a4nZlg3ZkKrHV4OcEkxVe/4J0aPkLk4R0rRZfcckvQxv0hou3JziNibIv4ou9naK6bt/Y09g==",
      "license": "Apache-2.0",
      "dependencies": {
        "@babel/runtime": "^7.0.0"
      },
      "peerDependencies": {
        "react": "^18.2.0 || ^19.0.0"
      }
    },
    "node_modules/@atlaskit/browser-apis": {
      "version": "1.2.0",
      "resolved": "https://registry.npmjs.org/@atlaskit/browser-apis/-/browser-apis-1.2.0.tgz",
      "integrity": "sha512-SNwf6LGu1BjECz62iC/kIOwmtiJlz4cuf04OnVLlN8amEly+6NHIzZG+IU2Bbpa2vG7oVSj3nSy0gMm/7kqiuQ==",
      "license": "Apache-2.0",
      "dependencies": {
        "@babel/runtime": "^7.0.0"
      },
      "peerDependencies": {
        "react": "^18.2.0"
      }
    },
    "node_modules/@atlaskit/editor-json-transformer": {
      "version": "10.0.0",
      "resolved": "https://registry.npmjs.org/@atlaskit/editor-json-transformer/-/editor-json-transformer-10.0.0.tgz",
      "integrity": "sha512-h0gPF073qFl2HqB0MPj9h+x3X4m7NsazBM2m9OH8WakOui9cvyVy9rb9h7/1/ga5NSNpDs4EY8/6bX/EsmC5fA==",
      "license": "Apache-2.0",
      "dependencies": {
        "@atlaskit/adf-schema": "^57.6.0",
        "@atlaskit/adf-utils": "^20.9.0",
        "@atlaskit/editor-prosemirror": "^9.0.0",
        "@babel/runtime": "^7.0.0",
        "lodash": "^4.17.21"
      }
    },
    "node_modules/@atlaskit/editor-markdown-transformer": {
      "version": "6.3.1",
      "resolved": "https://registry.npmjs.org/@atlaskit/editor-markdown-transformer/-/editor-markdown-transformer-6.3.1.tgz",
      "integrity": "sha512-JGvp5Kea8BNeEGplR7fbgWpKTS0398PFIxvQ2CDPe2bU/78rFPPaQLbxnOhsK85LOQWvCBbAs/6Qfw6FhIjbMA==",
      "license": "MIT",
      "dependencies": {
        "@atlaskit/adf-schema": "^57.5.0",
        "@atlaskit/editor-prosemirror": "^9.0.0",
        "@babel/runtime": "^7.0.0",
        "markdown-it": "^14.1.1",
        "markdown-it-table": "^2.0.6"
      }
    },
    "node_modules/@atlaskit/editor-prosemirror": {
      "version": "9.0.0",
      "resolved": "https://registry.npmjs.org/@atlaskit/editor-prosemirror/-/editor-prosemirror-9.0.0.tgz",
      "integrity": "sha512-nwSgKruXf5XqlqCkv4ACmfM/w4ivep9VtnZCSp8xPMCPvZKMqJKytWSuJ8gxB8yedz2ohMTyTd+VsDE4kPC9Mw==",
      "license": "Apache-2.0",
      "dependencies": {
        "@babel/runtime": "^7.0.0",
        "prosemirror-commands": "1.7.1",
        "prosemirror-dropcursor": "1.8.2",
        "prosemirror-history": "1.5.0",
        "prosemirror-keymap": "1.2.3",
        "prosemirror-markdown": "1.13.2",
        "prosemirror-model": "1.25.4",
        "prosemirror-state": "1.4.4",
        "prosemirror-transform": "1.10.5",
        "prosemirror-utils": "1.2.2",
        "prosemirror-view": "1.41.5"
      }
    },
    "node_modules/@atlaskit/feature-gate-js-client": {
      "version": "7.0.0",
      "resolved": "https://registry.npmjs.org/@atlaskit/feature-gate-js-client/-/feature-gate-js-client-7.0.0.tgz",
      "integrity": "sha512-Y5YGWWjfXzl9e4wPRpgbzXaeM6VyM9vC1RIUn9a04SkTcpd9iheFOusaSsnGT9eXHTbiurWdzrbN9LhNWfmK2A==",
      "license": "Apache-2.0",
      "dependencies": {
        "@atlaskit/atlassian-context": "^2.0.0",
        "@babel/runtime": "^7.0.0",
        "@statsig/client-core": "3.30.2",
        "@statsig/js-client": "3.30.2",
        "eventemitter3": "^4.0.0"
      }
    },
    "node_modules/@atlaskit/interaction-context": {
      "version": "4.1.0",
      "resolved": "https://registry.npmjs.org/@atlaskit/interaction-context/-/interaction-context-4.1.0.tgz",
      "integrity": "sha512-dgi1J2MqewK4h9asP8CcVJoqIuZPDPUVAQVDtRoLWy0/o7FAywMhzJI1sh7wOVtO8QkQ2Cm11hSROtWbk/ufBA==",
      "license": "Apache-2.0",
      "dependencies": {
        "@babel/runtime": "^7.0.0"
      },
      "peerDependencies": {
        "react": "^18.2.0"
      }
    },
    "node_modules/@atlaskit/platform-feature-experiments": {
      "version": "0.3.1",
      "resolved": "https://registry.npmjs.org/@atlaskit/platform-feature-experiments/-/platform-feature-experiments-0.3.1.tgz",
      "integrity": "sha512-K989u4Vv44lppjKJPD//8w+FC/sCiXmSc3Cc/SnVEQZTXtPpMkP3e1T58Lo/S1ewLi1m1Y286zlA0hGYBo1yAA==",
      "license": "Apache-2.0",
      "dependencies": {
        "@atlaskit/feature-gate-js-client": "^7.0.0",
        "@atlaskit/react-ufo": "^8.0.0",
        "@babel/runtime": "^7.0.0"
      },
      "peerDependencies": {
        "react": "^18.2.0"
      }
    },
    "node_modules/@atlaskit/platform-feature-flags": {
      "version": "2.2.1",
      "resolved": "https://registry.npmjs.org/@atlaskit/platform-feature-flags/-/platform-feature-flags-2.2.1.tgz",
      "integrity": "sha512-+qR+UIdZ8T+5dqfv4R57YeAqvkj98D6imT+cCIC/PbUBYyMzkjL5MqlGEIX0c3FT9rr/B/b1nupw643xa2Ua2g==",
      "license": "Apache-2.0",
      "dependencies": {
        "@atlaskit/feature-gate-js-client": "^7.0.0",
        "@babel/runtime": "^7.0.0"
      }
    },
    "node_modules/@atlaskit/react-compiler-gating": {
      "version": "0.2.4",
      "resolved": "https://registry.npmjs.org/@atlaskit/react-compiler-gating/-/react-compiler-gating-0.2.4.tgz",
      "integrity": "sha512-lcAfuofZrxa1f7g/Ik6XlJbr2RYu/nBM6ck+krElsNzjwT1ytuf5mW//BZHeyfIwI5sKL88bV6yZpQ2K9TaJCg==",
      "license": "Apache-2.0",
      "dependencies": {
        "@atlaskit/feature-gate-js-client": "^7.0.0",
        "@babel/runtime": "^7.0.0"
      }
    },
    "node_modules/@atlaskit/react-ufo": {
      "version": "8.0.0",
      "resolved": "https://registry.npmjs.org/@atlaskit/react-ufo/-/react-ufo-8.0.0.tgz",
      "integrity": "sha512-yXi0f4+HyMKTkyWbjollLJG+Sk1hPLlwSJ6VbZRRV21MfF4wj3pB8Sj4mu2JVTbOtLFzXrljYyYKYBeIdOwyRA==",
      "license": "Apache-2.0",
      "dependencies": {
        "@atlaskit/atlassian-context": "^2.0.0",
        "@atlaskit/browser-apis": "^1.2.0",
        "@atlaskit/feature-gate-js-client": "^7.0.0",
        "@atlaskit/interaction-context": "^4.1.0",
        "@atlaskit/platform-feature-flags": "^2.2.0",
        "@atlaskit/react-compiler-gating": "^0.2.0",
        "@babel/runtime": "^7.0.0",
        "@opentelemetry/api": "^1.9.0",
        "bind-event-listener": "^3.0.0",
        "bowser-ultralight": "^1.0.6",
        "scheduler": "0.23.2",
        "uuid": "^11.1.1"
      },
      "peerDependencies": {
        "react": "^18.2.0"
      }
    },
    "node_modules/@atlaskit/tmp-editor-statsig": {
      "version": "211.0.0",
      "resolved": "https://registry.npmjs.org/@atlaskit/tmp-editor-statsig/-/tmp-editor-statsig-211.0.0.tgz",
      "integrity": "sha512-2uqRR1Efkl1GHM2dZvGhtn5mwDEU+cYVVItwumEH/oJZGKrXedqGEKOXgUF8tC9QeeXY7MjP0RI0JaWAzVuTXw==",
      "license": "Apache-2.0",
      "dependencies": {
        "@atlaskit/feature-gate-js-client": "^7.0.0",
        "@atlaskit/platform-feature-flags": "^2.2.0",
        "@atlaskit/react-ufo": "^8.0.0",
        "@babel/runtime": "^7.0.0"
      },
      "peerDependencies": {
        "react": "^18.2.0 || ^19.2.0"
      }
    },
    "node_modules/@babel/runtime": {
      "version": "7.29.7",
      "resolved": "https://registry.npmjs.org/@babel/runtime/-/runtime-7.29.7.tgz",
      "integrity": "sha512-Nq8OhGWiZIZGV6hLHoyAKLLcJihP/xFeBMGJoUrxTX2psI8dCifzLhZISFb+VWS3wFMRDmCGw5R+dOySCqPLhw==",
      "license": "MIT",
      "engines": {
        "node": ">=6.9.0"
      }
    },
    "node_modules/@opentelemetry/api": {
      "version": "1.9.1",
      "resolved": "https://registry.npmjs.org/@opentelemetry/api/-/api-1.9.1.tgz",
      "integrity": "sha512-gLyJlPHPZYdAk1JENA9LeHejZe1Ti77/pTeFm/nMXmQH/HFZlcS/O2XJB+L8fkbrNSqhdtlvjBVjxwUYanNH5Q==",
      "license": "Apache-2.0",
      "engines": {
        "node": ">=8.0.0"
      }
    },
    "node_modules/@statsig/client-core": {
      "version": "3.30.2",
      "resolved": "https://registry.npmjs.org/@statsig/client-core/-/client-core-3.30.2.tgz",
      "integrity": "sha512-F3u1+LDml6IFz/tMbSYI0pEOMR13OHM71lLJ3RuoWpK2KpCwfsHpt7kBmUKJxUXZ05CP/jWgmhG/ROj7eqDCPQ==",
      "license": "ISC"
    },
    "node_modules/@statsig/js-client": {
      "version": "3.30.2",
      "resolved": "https://registry.npmjs.org/@statsig/js-client/-/js-client-3.30.2.tgz",
      "integrity": "sha512-Cjs4uzyAxt1sw44oa6qSNWuZdO11jmgrpOVBC2NajtpA55GBmAfjZ3vQdXizUffUZMRmFiEpGwxi9zmjFEG7Sw==",
      "license": "ISC",
      "dependencies": {
        "@statsig/client-core": "3.30.2"
      }
    },
    "node_modules/@types/linkify-it": {
      "version": "5.0.0",
      "resolved": "https://registry.npmjs.org/@types/linkify-it/-/linkify-it-5.0.0.tgz",
      "integrity": "sha512-sVDA58zAw4eWAffKOaQH5/5j3XeayukzDk+ewSsnv3p4yJEZHCCzMDiZM8e0OUrRvmpGZ85jf4yDHkHsgBNr9Q==",
      "license": "MIT"
    },
    "node_modules/@types/markdown-it": {
      "version": "14.2.0",
      "resolved": "https://registry.npmjs.org/@types/markdown-it/-/markdown-it-14.2.0.tgz",
      "integrity": "sha512-NoQ2yGlLWj4wpxMs+TYmRKk3thDrQ97agr7sFqfLsAlvoS8SNQuTrlObhFqG9iugdTtgOE9jpJ6FNM4ZGsa5xQ==",
      "license": "MIT",
      "dependencies": {
        "@types/linkify-it": "^5",
        "@types/mdurl": "^2"
      }
    },
    "node_modules/@types/mdurl": {
      "version": "2.0.0",
      "resolved": "https://registry.npmjs.org/@types/mdurl/-/mdurl-2.0.0.tgz",
      "integrity": "sha512-RGdgjQUZba5p6QEFAVx2OGb8rQDL/cPRG7GiedRzMcJ1tYnUANBncjbSB1NRGwbvjcPeikRABz2nshyPk1bhWg==",
      "license": "MIT"
    },
    "node_modules/argparse": {
      "version": "2.0.1",
      "resolved": "https://registry.npmjs.org/argparse/-/argparse-2.0.1.tgz",
      "integrity": "sha512-8+9WqebbFzpX9OR+Wa6O29asIogeRMzcGtAINdpMHHyAg10f05aSFVBbcEqGf/PXw1EjAZ+q2/bEBg3DvurK3Q==",
      "license": "Python-2.0"
    },
    "node_modules/bind-event-listener": {
      "version": "3.0.0",
      "resolved": "https://registry.npmjs.org/bind-event-listener/-/bind-event-listener-3.0.0.tgz",
      "integrity": "sha512-PJvH288AWQhKs2v9zyfYdPzlPqf5bXbGMmhmUIY9x4dAUGIWgomO771oBQNwJnMQSnUIXhKu6sgzpBRXTlvb8Q==",
      "license": "MIT"
    },
    "node_modules/bowser-ultralight": {
      "version": "1.0.6",
      "resolved": "https://registry.npmjs.org/bowser-ultralight/-/bowser-ultralight-1.0.6.tgz",
      "integrity": "sha512-ASWi8n3c6JvsUhbjproHnT4Mdhs4Q9wOxq1oSjUkM2e5StEEUmy1ej4UNOLSyeU4ANQFTx+mY+bsv/aH+AIcpg==",
      "license": "MIT"
    },
    "node_modules/css-color-names": {
      "version": "0.0.4",
      "resolved": "https://registry.npmjs.org/css-color-names/-/css-color-names-0.0.4.tgz",
      "integrity": "sha512-zj5D7X1U2h2zsXOAM8EyUREBnnts6H+Jm+d1M2DbiQQcUtnqgQsMrdo8JW9R80YFUmIdBZeMu5wvYM7hcgWP/Q==",
      "license": "MIT",
      "engines": {
        "node": "*"
      }
    },
    "node_modules/entities": {
      "version": "4.5.0",
      "resolved": "https://registry.npmjs.org/entities/-/entities-4.5.0.tgz",
      "integrity": "sha512-V0hjH4dGPh9Ao5p0MoRY6BVqtwCjhz6vI5LT8AJ55H+4g9/4vbHx1I54fS0XuclLhDHArPQCiMjDxjaL8fPxhw==",
      "license": "BSD-2-Clause",
      "engines": {
        "node": ">=0.12"
      },
      "funding": {
        "url": "https://github.com/fb55/entities?sponsor=1"
      }
    },
    "node_modules/eventemitter3": {
      "version": "4.0.7",
      "resolved": "https://registry.npmjs.org/eventemitter3/-/eventemitter3-4.0.7.tgz",
      "integrity": "sha512-8guHBZCwKnFhYdHr2ysuRWErTwhoN2X8XELRlrRwpmfeY2jjuUN4taQMsULKUVo1K4DvZl+0pgfyoysHxvmvEw==",
      "license": "MIT"
    },
    "node_modules/js-tokens": {
      "version": "4.0.0",
      "resolved": "https://registry.npmjs.org/js-tokens/-/js-tokens-4.0.0.tgz",
      "integrity": "sha512-RdJUflcE3cUzKiMqQgsCu06FPu9UdIJO0beYbPhHN4k6apgJtifcoCtT9bcxOpYBtpD2kCM6Sbzg4CausW/PKQ==",
      "license": "MIT"
    },
    "node_modules/linkify-it": {
      "version": "5.0.2",
      "resolved": "https://registry.npmjs.org/linkify-it/-/linkify-it-5.0.2.tgz",
      "integrity": "sha512-ONTm2jCMAVZjgQa/Fy1kScXsuOoF5NPTsoFBdE1KVIZ2vAh/r9+Bqo+0jINCBYnavTPQZz38QzFTme79ENoN3Q==",
      "funding": [
        {
          "type": "github",
          "url": "https://github.com/sponsors/puzrin"
        },
        {
          "type": "github",
          "url": "https://github.com/sponsors/markdown-it"
        }
      ],
      "license": "MIT",
      "dependencies": {
        "uc.micro": "^2.0.0"
      }
    },
    "node_modules/lodash": {
      "version": "4.18.1",
      "resolved": "https://registry.npmjs.org/lodash/-/lodash-4.18.1.tgz",
      "integrity": "sha512-dMInicTPVE8d1e5otfwmmjlxkZoUpiVLwyeTdUsi/Caj/gfzzblBcCE5sRHV/AsjuCmxWrte2TNGSYuCeCq+0Q==",
      "license": "MIT"
    },
    "node_modules/loose-envify": {
      "version": "1.4.0",
      "resolved": "https://registry.npmjs.org/loose-envify/-/loose-envify-1.4.0.tgz",
      "integrity": "sha512-lyuxPGr/Wfhrlem2CL/UcnUc1zcqKAImBDzukY7Y5F/yQiNdko6+fRLevlw1HgMySw7f611UIY408EtxRSoK3Q==",
      "license": "MIT",
      "dependencies": {
        "js-tokens": "^3.0.0 || ^4.0.0"
      },
      "bin": {
        "loose-envify": "cli.js"
      }
    },
    "node_modules/markdown-it": {
      "version": "14.3.2",
      "resolved": "https://registry.npmjs.org/markdown-it/-/markdown-it-14.3.2.tgz",
      "integrity": "sha512-sHHjZ5fJKlgrG4qns2YwVcdNep35h5fERrfkD2YNsb9UFk0UIHarbiTaHKVMlPuWAoiilyK8Fv/jAm11slsY7Q==",
      "funding": [
        {
          "type": "github",
          "url": "https://github.com/sponsors/puzrin"
        },
        {
          "type": "github",
          "url": "https://github.com/sponsors/markdown-it"
        }
      ],
      "license": "MIT",
      "dependencies": {
        "argparse": "^2.0.1",
        "entities": "^4.5.0",
        "linkify-it": "^5.0.2",
        "mdurl": "^2.0.0",
        "punycode.js": "^2.3.1",
        "uc.micro": "^2.1.0"
      },
      "bin": {
        "markdown-it": "bin/markdown-it.mjs"
      }
    },
    "node_modules/markdown-it-table": {
      "version": "2.0.6",
      "resolved": "https://registry.npmjs.org/markdown-it-table/-/markdown-it-table-2.0.6.tgz",
      "integrity": "sha512-TvVf4yCSK8YrxnOldEehkkHlDy4Tzk+QrMf1/YVo+YIwzZZyoyy80blnVVsbluNJ3WiebTkXepqbOZh0ONunbA==",
      "license": "MIT",
      "engines": {
        "node": "*"
      }
    },
    "node_modules/mdurl": {
      "version": "2.1.0",
      "resolved": "https://registry.npmjs.org/mdurl/-/mdurl-2.1.0.tgz",
      "integrity": "sha512-1+HBaOx0zi/dQWht8rNv9MYf9qqpqL/kxI0hXImU6Y547zM6Sni8BQibt7ifgMcYtQg41ao3Ivd6cnSM86inpg==",
      "license": "MIT"
    },
    "node_modules/memoize-one": {
      "version": "6.0.0",
      "resolved": "https://registry.npmjs.org/memoize-one/-/memoize-one-6.0.0.tgz",
      "integrity": "sha512-rkpe71W0N0c0Xz6QD0eJETuWAJGnJ9afsl1srmwPrI+yBCkge5EycXXbYRyvL29zZVUWQCY7InPRCv3GDXuZNw==",
      "license": "MIT"
    },
    "node_modules/orderedmap": {
      "version": "2.1.1",
      "resolved": "https://registry.npmjs.org/orderedmap/-/orderedmap-2.1.1.tgz",
      "integrity": "sha512-TvAWxi0nDe1j/rtMcWcIj94+Ffe6n7zhow33h40SKxmsmozs6dz/e+EajymfoFcHd7sxNn8yHM8839uixMOV6g==",
      "license": "MIT"
    },
    "node_modules/prosemirror-commands": {
      "version": "1.7.1",
      "resolved": "https://registry.npmjs.org/prosemirror-commands/-/prosemirror-commands-1.7.1.tgz",
      "integrity": "sha512-rT7qZnQtx5c0/y/KlYaGvtG411S97UaL6gdp6RIZ23DLHanMYLyfGBV5DtSnZdthQql7W+lEVbpSfwtO8T+L2w==",
      "license": "MIT",
      "dependencies": {
        "prosemirror-model": "^1.0.0",
        "prosemirror-state": "^1.0.0",
        "prosemirror-transform": "^1.10.2"
      }
    },
    "node_modules/prosemirror-dropcursor": {
      "version": "1.8.2",
      "resolved": "https://registry.npmjs.org/prosemirror-dropcursor/-/prosemirror-dropcursor-1.8.2.tgz",
      "integrity": "sha512-CCk6Gyx9+Tt2sbYk5NK0nB1ukHi2ryaRgadV/LvyNuO3ena1payM2z6Cg0vO1ebK8cxbzo41ku2DE5Axj1Zuiw==",
      "license": "MIT",
      "dependencies": {
        "prosemirror-state": "^1.0.0",
        "prosemirror-transform": "^1.1.0",
        "prosemirror-view": "^1.1.0"
      }
    },
    "node_modules/prosemirror-history": {
      "version": "1.5.0",
      "resolved": "https://registry.npmjs.org/prosemirror-history/-/prosemirror-history-1.5.0.tgz",
      "integrity": "sha512-zlzTiH01eKA55UAf1MEjtssJeHnGxO0j4K4Dpx+gnmX9n+SHNlDqI2oO1Kv1iPN5B1dm5fsljCfqKF9nFL6HRg==",
      "license": "MIT",
      "dependencies": {
        "prosemirror-state": "^1.2.2",
        "prosemirror-transform": "^1.0.0",
        "prosemirror-view": "^1.31.0",
        "rope-sequence": "^1.3.0"
      }
    },
    "node_modules/prosemirror-keymap": {
      "version": "1.2.3",
      "resolved": "https://registry.npmjs.org/prosemirror-keymap/-/prosemirror-keymap-1.2.3.tgz",
      "integrity": "sha512-4HucRlpiLd1IPQQXNqeo81BGtkY8Ai5smHhKW9jjPKRc2wQIxksg7Hl1tTI2IfT2B/LgX6bfYvXxEpJl7aKYKw==",
      "license": "MIT",
      "dependencies": {
        "prosemirror-state": "^1.0.0",
        "w3c-keyname": "^2.2.0"
      }
    },
    "node_modules/prosemirror-markdown": {
      "version": "1.13.2",
      "resolved": "https://registry.npmjs.org/prosemirror-markdown/-/prosemirror-markdown-1.13.2.tgz",
      "integrity": "sha512-FPD9rHPdA9fqzNmIIDhhnYQ6WgNoSWX9StUZ8LEKapaXU9i6XgykaHKhp6XMyXlOWetmaFgGDS/nu/w9/vUc5g==",
      "license": "MIT",
      "dependencies": {
        "@types/markdown-it": "^14.0.0",
        "markdown-it": "^14.0.0",
        "prosemirror-model": "^1.25.0"
      }
    },
    "node_modules/prosemirror-model": {
      "version": "1.25.4",
      "resolved": "https://registry.npmjs.org/prosemirror-model/-/prosemirror-model-1.25.4.tgz",
      "integrity": "sha512-PIM7E43PBxKce8OQeezAs9j4TP+5yDpZVbuurd1h5phUxEKIu+G2a+EUZzIC5nS1mJktDJWzbqS23n1tsAf5QA==",
      "license": "MIT",
      "dependencies": {
        "orderedmap": "^2.0.0"
      }
    },
    "node_modules/prosemirror-state": {
      "version": "1.4.4",
      "resolved": "https://registry.npmjs.org/prosemirror-state/-/prosemirror-state-1.4.4.tgz",
      "integrity": "sha512-6jiYHH2CIGbCfnxdHbXZ12gySFY/fz/ulZE333G6bPqIZ4F+TXo9ifiR86nAHpWnfoNjOb3o5ESi7J8Uz1jXHw==",
      "license": "MIT",
      "dependencies": {
        "prosemirror-model": "^1.0.0",
        "prosemirror-transform": "^1.0.0",
        "prosemirror-view": "^1.27.0"
      }
    },
    "node_modules/prosemirror-transform": {
      "version": "1.10.5",
      "resolved": "https://registry.npmjs.org/prosemirror-transform/-/prosemirror-transform-1.10.5.tgz",
      "integrity": "sha512-RPDQCxIDhIBb1o36xxwsaeAvivO8VLJcgBtzmOwQ64bMtsVFh5SSuJ6dWSxO1UsHTiTXPCgQm3PDJt7p6IOLbw==",
      "license": "MIT",
      "dependencies": {
        "prosemirror-model": "^1.21.0"
      }
    },
    "node_modules/prosemirror-utils": {
      "version": "1.2.2",
      "resolved": "https://registry.npmjs.org/prosemirror-utils/-/prosemirror-utils-1.2.2.tgz",
      "integrity": "sha512-7a2MPf99oCW8/587rQYI1/snX71Ban40+apr1hLkY8TmU9YXd7JeR6QsmktcTisJURO3WRjxIia4lTMsYgZVOw==",
      "license": "Apache-2.0",
      "peerDependencies": {
        "prosemirror-model": "^1.19.2",
        "prosemirror-state": "^1.4.3"
      }
    },
    "node_modules/prosemirror-view": {
      "version": "1.41.5",
      "resolved": "https://registry.npmjs.org/prosemirror-view/-/prosemirror-view-1.41.5.tgz",
      "integrity": "sha512-UDQbIPnDrjE8tqUBbPmCOZgtd75htE6W3r0JCmY9bL6W1iemDM37MZEKC49d+tdQ0v/CKx4gjxLoLsfkD2NiZA==",
      "license": "MIT",
      "dependencies": {
        "prosemirror-model": "^1.20.0",
        "prosemirror-state": "^1.0.0",
        "prosemirror-transform": "^1.1.0"
      }
    },
    "node_modules/punycode.js": {
      "version": "2.3.1",
      "resolved": "https://registry.npmjs.org/punycode.js/-/punycode.js-2.3.1.tgz",
      "integrity": "sha512-uxFIHU0YlHYhDQtV4R9J6a52SLx28BCjT+4ieh7IGbgwVJWO+km431c4yRlREUAsAmt/uMjQUyQHNEPf0M39CA==",
      "license": "MIT",
      "engines": {
        "node": ">=6"
      }
    },
    "node_modules/react": {
      "version": "18.3.1",
      "resolved": "https://registry.npmjs.org/react/-/react-18.3.1.tgz",
      "integrity": "sha512-wS+hAgJShR0KhEvPJArfuPVN1+Hz1t0Y6n5jLrGQbkb4urgPE/0Rve+1kMB1v/oWgHgm4WIcV+i7F2pTVj+2iQ==",
      "license": "MIT",
      "peer": true,
      "dependencies": {
        "loose-envify": "^1.1.0"
      },
      "engines": {
        "node": ">=0.10.0"
      }
    },
    "node_modules/rope-sequence": {
      "version": "1.3.4",
      "resolved": "https://registry.npmjs.org/rope-sequence/-/rope-sequence-1.3.4.tgz",
      "integrity": "sha512-UT5EDe2cu2E/6O4igUr5PSFs23nvvukicWHx6GnOPlHAiiYbzNuCRQCuiUdHJQcqKalLKlrYJnjY0ySGsXNQXQ==",
      "license": "MIT"
    },
    "node_modules/scheduler": {
      "version": "0.23.2",
      "resolved": "https://registry.npmjs.org/scheduler/-/scheduler-0.23.2.tgz",
      "integrity": "sha512-UOShsPwz7NrMUqhR6t0hWjFduvOzbtv7toDH1/hIrfRNIDBnnBWd0CwJTGvTpngVlmwGCdP9/Zl/tVrDqcuYzQ==",
      "license": "MIT",
      "dependencies": {
        "loose-envify": "^1.1.0"
      }
    },
    "node_modules/uc.micro": {
      "version": "2.1.0",
      "resolved": "https://registry.npmjs.org/uc.micro/-/uc.micro-2.1.0.tgz",
      "integrity": "sha512-ARDJmphmdvUk6Glw7y9DQ2bFkKBHwQHLi2lsaH6PPmz/Ka9sFOBsBluozhDltWmnv9u/cF6Rt87znRTPV+yp/A==",
      "license": "MIT"
    },
    "node_modules/uuid": {
      "version": "11.1.1",
      "resolved": "https://registry.npmjs.org/uuid/-/uuid-11.1.1.tgz",
      "integrity": "sha512-vIYxrBCC/N/K+Js3qSN88go7kIfNPssr/hHCesKCQNAjmgvYS2oqr69kIufEG+O4+PfezOH4EbIeHCfFov8ZgQ==",
      "funding": [
        "https://github.com/sponsors/broofa",
        "https://github.com/sponsors/ctavan"
      ],
      "license": "MIT",
      "bin": {
        "uuid": "dist/esm/bin/uuid"
      }
    },
    "node_modules/w3c-keyname": {
      "version": "2.2.8",
      "resolved": "https://registry.npmjs.org/w3c-keyname/-/w3c-keyname-2.2.8.tgz",
      "integrity": "sha512-dpojBhNsCNN7T82Tm7k26A6G9ML3NkhDsnw9n/eoxSRlVBB4CEtIQ/KTCLI2Fwf3ataSXRhYFkQi3SlnFwPvPQ==",
      "license": "MIT"
    }
  }
}
